# This file is automatically @generated by Cargo.
# It is not intended for manual editing.
version = 4

[[package]]
name = "liquid-glass"
version = "0.1.0"
dependencies = [
 "liquid-glass-animation",
 "liquid-glass-platform",
 "liquid-glass-render",
 "liquid-glass-scene",
 "liquid-glass-ui",
]

[[package]]
name = "liquid-glass-animation"
version = "0.1.0"

[[package]]
name = "liquid-glass-platform"
version = "0.1.0"

[[package]]
name = "liquid-glass-playground"
version = "0.1.0"
dependencies = [
 "liquid-glass",
]

[[package]]
name = "liquid-glass-render"
version = "0.1.0"
dependencies = [
 "liquid-glass-scene",
]

[[package]]
name = "liquid-glass-scene"
version = "0.1.0"

[[package]]
name = "liquid-glass-ui"
version = "0.1.0"
dependencies = [
 "liquid-glass-scene",
]
